PODS:
  - FacebookLikeReaction (0.1.0)
  - FSCalendar (2.8.2)
  - SimpleCheckbox (2.1.0)
  - TimelineTableViewCell (2.2.2)

DEPENDENCIES:
  - FacebookLikeReaction
  - FSCalendar
  - SimpleCheckbox
  - TimelineTableViewCell

SPEC REPOS:
  trunk:
    - FacebookLikeReaction
    - FSCalendar
    - SimpleCheckbox
    - TimelineTableViewCell

SPEC CHECKSUMS:
  FacebookLikeReaction: 20eb0a24018c703d8dd1cca4b50aa4502ea08855
  FSCalendar: e6a2eb9c571bf0719ed797ef807e08426753c241
  SimpleCheckbox: ddcd433ab8c3a8f57300bebda13151a8f302c7f9
  TimelineTableViewCell: f0c35f7941775e48a5356e7c7ae3a5a51721c80a

PODFILE CHECKSUM: ecd77056c82b325b4ad59bbd2d71b1fab4fce716

COCOAPODS: 1.10.1
