PODS:
  - FacebookLikeReaction (0.1.0)
  - FSCalendar (2.8.2)
  - TextFieldEffects (1.6.0)

DEPENDENCIES:
  - FacebookLikeReaction
  - FSCalendar
  - TextFieldEffects

SPEC REPOS:
  trunk:
    - FacebookLikeReaction
    - FSCalendar
    - TextFieldEffects

SPEC CHECKSUMS:
  FacebookLikeReaction: 20eb0a24018c703d8dd1cca4b50aa4502ea08855
  FSCalendar: e6a2eb9c571bf0719ed797ef807e08426753c241
  TextFieldEffects: 529b8aff706fb40f82c41c780c0777941a893796

PODFILE CHECKSUM: 8c01f7008e0ea691af2f4dbe299f8ae9b363aa3a

COCOAPODS: 1.10.1
