// !$*UTF8*$!
{
	archiveVersion = 1;
	classes = {
	};
	objectVersion = 51;
	objects = {

/* Begin PBXBuildFile section */
		95236F2026D719B500F873DD /* TodoViewModel.swift in Sources */ = {isa = PBXBuildFile; fileRef = 95236F1F26D719B500F873DD /* TodoViewModel.swift */; };
		9529989B26D77F250073F3AA /* Todo.xcdatamodeld in Sources */ = {isa = PBXBuildFile; fileRef = 9529989926D77F250073F3AA /* Todo.xcdatamodeld */; };
		952998A626D781AA0073F3AA /* CoreDataManager.swift in Sources */ = {isa = PBXBuildFile; fileRef = 952998A526D781AA0073F3AA /* CoreDataManager.swift */; };
		952F808726CDF984009AFCB8 /* AppDelegate.swift in Sources */ = {isa = PBXBuildFile; fileRef = 952F808626CDF984009AFCB8 /* AppDelegate.swift */; };
		952F808926CDF984009AFCB8 /* SceneDelegate.swift in Sources */ = {isa = PBXBuildFile; fileRef = 952F808826CDF984009AFCB8 /* SceneDelegate.swift */; };
		952F808B26CDF984009AFCB8 /* MainViewController.swift in Sources */ = {isa = PBXBuildFile; fileRef = 952F808A26CDF984009AFCB8 /* MainViewController.swift */; };
		952F808E26CDF984009AFCB8 /* Main.storyboard in Resources */ = {isa = PBXBuildFile; fileRef = 952F808C26CDF984009AFCB8 /* Main.storyboard */; };
		952F809026CDF985009AFCB8 /* Assets.xcassets in Resources */ = {isa = PBXBuildFile; fileRef = 952F808F26CDF985009AFCB8 /* Assets.xcassets */; };
		952F809326CDF985009AFCB8 /* LaunchScreen.storyboard in Resources */ = {isa = PBXBuildFile; fileRef = 952F809126CDF985009AFCB8 /* LaunchScreen.storyboard */; };
		952F809B26CE309A009AFCB8 /* TodoViewController.swift in Sources */ = {isa = PBXBuildFile; fileRef = 952F809A26CE309A009AFCB8 /* TodoViewController.swift */; };
		95EEC70626D75D7000D2A40F /* TimelineTableViewController.swift in Sources */ = {isa = PBXBuildFile; fileRef = 95EEC70526D75D7000D2A40F /* TimelineTableViewController.swift */; };
		95FBC47026D880AA00A0397C /* Todo+CoreDataProperties.swift in Sources */ = {isa = PBXBuildFile; fileRef = 95FBC46F26D880AA00A0397C /* Todo+CoreDataProperties.swift */; };
		95FBC47126D880AA00A0397C /* Todo+CoreDataClass.swift in Sources */ = {isa = PBXBuildFile; fileRef = 95FBC46E26D880AA00A0397C /* Todo+CoreDataClass.swift */; };
		95FBC49326DDB10700A0397C /* WidgetKit.framework in Frameworks */ = {isa = PBXBuildFile; fileRef = 95FBC49226DDB10700A0397C /* WidgetKit.framework */; };
		95FBC49526DDB10700A0397C /* SwiftUI.framework in Frameworks */ = {isa = PBXBuildFile; fileRef = 95FBC49426DDB10700A0397C /* SwiftUI.framework */; };
		95FBC49826DDB10700A0397C /* MemorialsWidget.swift in Sources */ = {isa = PBXBuildFile; fileRef = 95FBC49726DDB10700A0397C /* MemorialsWidget.swift */; };
		95FBC49A26DDB10800A0397C /* Assets.xcassets in Resources */ = {isa = PBXBuildFile; fileRef = 95FBC49926DDB10800A0397C /* Assets.xcassets */; };
		95FBC49E26DDB10800A0397C /* MemorialsWidgetExtension.appex in Embed App Extensions */ = {isa = PBXBuildFile; fileRef = 95FBC49126DDB10700A0397C /* MemorialsWidgetExtension.appex */; settings = {ATTRIBUTES = (RemoveHeadersOnCopy, ); }; };
		95FBC4AE26DDBF0A00A0397C /* CoreDataStack.swift in Sources */ = {isa = PBXBuildFile; fileRef = 95FBC4AD26DDBF0A00A0397C /* CoreDataStack.swift */; };
		95FBC4B226DDC2E900A0397C /* CoreDataStack.swift in Sources */ = {isa = PBXBuildFile; fileRef = 95FBC4AD26DDBF0A00A0397C /* CoreDataStack.swift */; };
		95FBC4B326DDCD1600A0397C /* Todo+CoreDataClass.swift in Sources */ = {isa = PBXBuildFile; fileRef = 95FBC46E26D880AA00A0397C /* Todo+CoreDataClass.swift */; };
		95FBC4B426DDCD2100A0397C /* Todo+CoreDataProperties.swift in Sources */ = {isa = PBXBuildFile; fileRef = 95FBC46F26D880AA00A0397C /* Todo+CoreDataProperties.swift */; };
		95FBC4B526DDCD3D00A0397C /* Todo.xcdatamodeld in Sources */ = {isa = PBXBuildFile; fileRef = 9529989926D77F250073F3AA /* Todo.xcdatamodeld */; };
		95FBC4B926DDECC300A0397C /* TodoEntity.swift in Sources */ = {isa = PBXBuildFile; fileRef = 95FBC4B826DDECC300A0397C /* TodoEntity.swift */; };
		95FBC4BA26DDECC300A0397C /* TodoEntity.swift in Sources */ = {isa = PBXBuildFile; fileRef = 95FBC4B826DDECC300A0397C /* TodoEntity.swift */; };
		95FF7CF026D7298B00E7AA03 /* TodoCell.swift in Sources */ = {isa = PBXBuildFile; fileRef = 95FF7CEF26D7298B00E7AA03 /* TodoCell.swift */; };
		F12BE6E72E90C57D3C036E98 /* Pods_Memorials.framework in Frameworks */ = {isa = PBXBuildFile; fileRef = F391CA2FA71028A564ECC417 /* Pods_Memorials.framework */; };
/* End PBXBuildFile section */

/* Begin PBXContainerItemProxy section */
		95FBC49C26DDB10800A0397C /* PBXContainerItemProxy */ = {
			isa = PBXContainerItemProxy;
			containerPortal = 952F807B26CDF984009AFCB8 /* Project object */;
			proxyType = 1;
			remoteGlobalIDString = 95FBC49026DDB10700A0397C;
			remoteInfo = MemorialsWidgetExtension;
		};
/* End PBXContainerItemProxy section */

/* Begin PBXCopyFilesBuildPhase section */
		95FBC49F26DDB10800A0397C /* Embed App Extensions */ = {
			isa = PBXCopyFilesBuildPhase;
			buildActionMask = 2147483647;
			dstPath = "";
			dstSubfolderSpec = 13;
			files = (
				95FBC49E26DDB10800A0397C /* MemorialsWidgetExtension.appex in Embed App Extensions */,
			);
			name = "Embed App Extensions";
			runOnlyForDeploymentPostprocessing = 0;
		};
/* End PBXCopyFilesBuildPhase section */

/* Begin PBXFileReference section */
		11268EAB5610C255DC02C127 /* Pods-Memorials.debug.xcconfig */ = {isa = PBXFileReference; includeInIndex = 1; lastKnownFileType = text.xcconfig; name = "Pods-Memorials.debug.xcconfig"; path = "Target Support Files/Pods-Memorials/Pods-Memorials.debug.xcconfig"; sourceTree = "<group>"; };
		95236F1F26D719B500F873DD /* TodoViewModel.swift */ = {isa = PBXFileReference; lastKnownFileType = sourcecode.swift; path = TodoViewModel.swift; sourceTree = "<group>"; };
		9529989A26D77F250073F3AA /* Todo.xcdatamodel */ = {isa = PBXFileReference; lastKnownFileType = wrapper.xcdatamodel; path = Todo.xcdatamodel; sourceTree = "<group>"; };
		952998A526D781AA0073F3AA /* CoreDataManager.swift */ = {isa = PBXFileReference; lastKnownFileType = sourcecode.swift; path = CoreDataManager.swift; sourceTree = "<group>"; };
		952F808326CDF984009AFCB8 /* Memorials.app */ = {isa = PBXFileReference; explicitFileType = wrapper.application; includeInIndex = 0; path = Memorials.app; sourceTree = BUILT_PRODUCTS_DIR; };
		952F808626CDF984009AFCB8 /* AppDelegate.swift */ = {isa = PBXFileReference; lastKnownFileType = sourcecode.swift; path = AppDelegate.swift; sourceTree = "<group>"; };
		952F808826CDF984009AFCB8 /* SceneDelegate.swift */ = {isa = PBXFileReference; lastKnownFileType = sourcecode.swift; path = SceneDelegate.swift; sourceTree = "<group>"; };
		952F808A26CDF984009AFCB8 /* MainViewController.swift */ = {isa = PBXFileReference; lastKnownFileType = sourcecode.swift; path = MainViewController.swift; sourceTree = "<group>"; };
		952F808D26CDF984009AFCB8 /* Base */ = {isa = PBXFileReference; lastKnownFileType = file.storyboard; name = Base; path = Base.lproj/Main.storyboard; sourceTree = "<group>"; };
		952F808F26CDF985009AFCB8 /* Assets.xcassets */ = {isa = PBXFileReference; lastKnownFileType = folder.assetcatalog; path = Assets.xcassets; sourceTree = "<group>"; };
		952F809226CDF985009AFCB8 /* Base */ = {isa = PBXFileReference; lastKnownFileType = file.storyboard; name = Base; path = Base.lproj/LaunchScreen.storyboard; sourceTree = "<group>"; };
		952F809426CDF985009AFCB8 /* Info.plist */ = {isa = PBXFileReference; lastKnownFileType = text.plist.xml; path = Info.plist; sourceTree = "<group>"; };
		952F809A26CE309A009AFCB8 /* TodoViewController.swift */ = {isa = PBXFileReference; lastKnownFileType = sourcecode.swift; path = TodoViewController.swift; sourceTree = "<group>"; };
		95EEC70526D75D7000D2A40F /* TimelineTableViewController.swift */ = {isa = PBXFileReference; lastKnownFileType = sourcecode.swift; path = TimelineTableViewController.swift; sourceTree = "<group>"; };
		95FBC46E26D880AA00A0397C /* Todo+CoreDataClass.swift */ = {isa = PBXFileReference; lastKnownFileType = sourcecode.swift; name = "Todo+CoreDataClass.swift"; path = "/Users/xiah/Toy/toy/memorials/Memorials/Models/Todo+CoreDataClass.swift"; sourceTree = "<absolute>"; };
		95FBC46F26D880AA00A0397C /* Todo+CoreDataProperties.swift */ = {isa = PBXFileReference; lastKnownFileType = sourcecode.swift; name = "Todo+CoreDataProperties.swift"; path = "/Users/xiah/Toy/toy/memorials/Memorials/Models/Todo+CoreDataProperties.swift"; sourceTree = "<absolute>"; };
		95FBC49126DDB10700A0397C /* MemorialsWidgetExtension.appex */ = {isa = PBXFileReference; explicitFileType = "wrapper.app-extension"; includeInIndex = 0; path = MemorialsWidgetExtension.appex; sourceTree = BUILT_PRODUCTS_DIR; };
		95FBC49226DDB10700A0397C /* WidgetKit.framework */ = {isa = PBXFileReference; lastKnownFileType = wrapper.framework; name = WidgetKit.framework; path = System/Library/Frameworks/WidgetKit.framework; sourceTree = SDKROOT; };
		95FBC49426DDB10700A0397C /* SwiftUI.framework */ = {isa = PBXFileReference; lastKnownFileType = wrapper.framework; name = SwiftUI.framework; path = System/Library/Frameworks/SwiftUI.framework; sourceTree = SDKROOT; };
		95FBC49726DDB10700A0397C /* MemorialsWidget.swift */ = {isa = PBXFileReference; lastKnownFileType = sourcecode.swift; path = MemorialsWidget.swift; sourceTree = "<group>"; };
		95FBC49926DDB10800A0397C /* Assets.xcassets */ = {isa = PBXFileReference; lastKnownFileType = folder.assetcatalog; path = Assets.xcassets; sourceTree = "<group>"; };
		95FBC49B26DDB10800A0397C /* Info.plist */ = {isa = PBXFileReference; lastKnownFileType = text.plist.xml; path = Info.plist; sourceTree = "<group>"; };
		95FBC4AD26DDBF0A00A0397C /* CoreDataStack.swift */ = {isa = PBXFileReference; lastKnownFileType = sourcecode.swift; path = CoreDataStack.swift; sourceTree = "<group>"; };
		95FBC4B626DDD61B00A0397C /* Memorials.entitlements */ = {isa = PBXFileReference; lastKnownFileType = text.plist.entitlements; path = Memorials.entitlements; sourceTree = "<group>"; };
		95FBC4B726DDD63600A0397C /* MemorialsWidgetExtension.entitlements */ = {isa = PBXFileReference; lastKnownFileType = text.plist.entitlements; path = MemorialsWidgetExtension.entitlements; sourceTree = "<group>"; };
		95FBC4B826DDECC300A0397C /* TodoEntity.swift */ = {isa = PBXFileReference; lastKnownFileType = sourcecode.swift; path = TodoEntity.swift; sourceTree = "<group>"; };
		95FF7CEF26D7298B00E7AA03 /* TodoCell.swift */ = {isa = PBXFileReference; lastKnownFileType = sourcecode.swift; path = TodoCell.swift; sourceTree = "<group>"; };
		D5A1C4FCFBCD8D4F9566E97C /* Pods-Memorials.release.xcconfig */ = {isa = PBXFileReference; includeInIndex = 1; lastKnownFileType = text.xcconfig; name = "Pods-Memorials.release.xcconfig"; path = "Target Support Files/Pods-Memorials/Pods-Memorials.release.xcconfig"; sourceTree = "<group>"; };
		F391CA2FA71028A564ECC417 /* Pods_Memorials.framework */ = {isa = PBXFileReference; explicitFileType = wrapper.framework; includeInIndex = 0; path = Pods_Memorials.framework; sourceTree = BUILT_PRODUCTS_DIR; };
/* End PBXFileReference section */

/* Begin PBXFrameworksBuildPhase section */
		952F808026CDF984009AFCB8 /* Frameworks */ = {
			isa = PBXFrameworksBuildPhase;
			buildActionMask = 2147483647;
			files = (
				F12BE6E72E90C57D3C036E98 /* Pods_Memorials.framework in Frameworks */,
			);
			runOnlyForDeploymentPostprocessing = 0;
		};
		95FBC48E26DDB10700A0397C /* Frameworks */ = {
			isa = PBXFrameworksBuildPhase;
			buildActionMask = 2147483647;
			files = (
				95FBC49526DDB10700A0397C /* SwiftUI.framework in Frameworks */,
				95FBC49326DDB10700A0397C /* WidgetKit.framework in Frameworks */,
			);
			runOnlyForDeploymentPostprocessing = 0;
		};
/* End PBXFrameworksBuildPhase section */

/* Begin PBXGroup section */
		7669C1E9ED49202A5A6D07B4 /* Frameworks */ = {
			isa = PBXGroup;
			children = (
				95FBC49226DDB10700A0397C /* WidgetKit.framework */,
				95FBC49426DDB10700A0397C /* SwiftUI.framework */,
				F391CA2FA71028A564ECC417 /* Pods_Memorials.framework */,
			);
			name = Frameworks;
			sourceTree = "<group>";
		};
		95236F1E26D719A900F873DD /* Models */ = {
			isa = PBXGroup;
			children = (
				95FBC46E26D880AA00A0397C /* Todo+CoreDataClass.swift */,
				95FBC46F26D880AA00A0397C /* Todo+CoreDataProperties.swift */,
				95236F1F26D719B500F873DD /* TodoViewModel.swift */,
				9529989926D77F250073F3AA /* Todo.xcdatamodeld */,
			);
			path = Models;
			sourceTree = "<group>";
		};
		952998A426D781990073F3AA /* Manager */ = {
			isa = PBXGroup;
			children = (
				952998A526D781AA0073F3AA /* CoreDataManager.swift */,
				95FBC4AD26DDBF0A00A0397C /* CoreDataStack.swift */,
			);
			path = Manager;
			sourceTree = "<group>";
		};
		952F807A26CDF984009AFCB8 = {
			isa = PBXGroup;
			children = (
				952F808526CDF984009AFCB8 /* Memorials */,
				95FBC49626DDB10700A0397C /* MemorialsWidget */,
				952F808426CDF984009AFCB8 /* Products */,
				DB586C207427063CBD36FBFC /* Pods */,
				7669C1E9ED49202A5A6D07B4 /* Frameworks */,
			);
			sourceTree = "<group>";
		};
		952F808426CDF984009AFCB8 /* Products */ = {
			isa = PBXGroup;
			children = (
				952F808326CDF984009AFCB8 /* Memorials.app */,
				95FBC49126DDB10700A0397C /* MemorialsWidgetExtension.appex */,
			);
			name = Products;
			sourceTree = "<group>";
		};
		952F808526CDF984009AFCB8 /* Memorials */ = {
			isa = PBXGroup;
			children = (
				95FBC4B626DDD61B00A0397C /* Memorials.entitlements */,
				952998A426D781990073F3AA /* Manager */,
				95EEC70426D75D4300D2A40F /* Controller */,
				95236F1E26D719A900F873DD /* Models */,
				952F808626CDF984009AFCB8 /* AppDelegate.swift */,
				952F808826CDF984009AFCB8 /* SceneDelegate.swift */,
				952F808C26CDF984009AFCB8 /* Main.storyboard */,
				952F808F26CDF985009AFCB8 /* Assets.xcassets */,
				952F809126CDF985009AFCB8 /* LaunchScreen.storyboard */,
				952F809426CDF985009AFCB8 /* Info.plist */,
				95FF7CEF26D7298B00E7AA03 /* TodoCell.swift */,
			);
			path = Memorials;
			sourceTree = "<group>";
		};
		95EEC70426D75D4300D2A40F /* Controller */ = {
			isa = PBXGroup;
			children = (
				952F808A26CDF984009AFCB8 /* MainViewController.swift */,
				952F809A26CE309A009AFCB8 /* TodoViewController.swift */,
				95EEC70526D75D7000D2A40F /* TimelineTableViewController.swift */,
			);
			path = Controller;
			sourceTree = "<group>";
		};
		95FBC49626DDB10700A0397C /* MemorialsWidget */ = {
			isa = PBXGroup;
			children = (
				95FBC4B726DDD63600A0397C /* MemorialsWidgetExtension.entitlements */,
				95FBC49726DDB10700A0397C /* MemorialsWidget.swift */,
				95FBC49926DDB10800A0397C /* Assets.xcassets */,
				95FBC49B26DDB10800A0397C /* Info.plist */,
				95FBC4B826DDECC300A0397C /* TodoEntity.swift */,
			);
			path = MemorialsWidget;
			sourceTree = "<group>";
		};
		DB586C207427063CBD36FBFC /* Pods */ = {
			isa = PBXGroup;
			children = (
				11268EAB5610C255DC02C127 /* Pods-Memorials.debug.xcconfig */,
				D5A1C4FCFBCD8D4F9566E97C /* Pods-Memorials.release.xcconfig */,
			);
			path = Pods;
			sourceTree = "<group>";
		};
/* End PBXGroup section */

/* Begin PBXNativeTarget section */
		952F808226CDF984009AFCB8 /* Memorials */ = {
			isa = PBXNativeTarget;
			buildConfigurationList = 952F809726CDF985009AFCB8 /* Build configuration list for PBXNativeTarget "Memorials" */;
			buildPhases = (
				65C5A9FEB1411FBC366ACA21 /* [CP] Check Pods Manifest.lock */,
				952F807F26CDF984009AFCB8 /* Sources */,
				952F808026CDF984009AFCB8 /* Frameworks */,
				952F808126CDF984009AFCB8 /* Resources */,
				95FBC49F26DDB10800A0397C /* Embed App Extensions */,
				EEAE3E69E7F83D62BB1B8ED5 /* [CP] Embed Pods Frameworks */,
			);
			buildRules = (
			);
			dependencies = (
				95FBC49D26DDB10800A0397C /* PBXTargetDependency */,
			);
			name = Memorials;
			productName = memorials;
			productReference = 952F808326CDF984009AFCB8 /* Memorials.app */;
			productType = "com.apple.product-type.application";
		};
		95FBC49026DDB10700A0397C /* MemorialsWidgetExtension */ = {
			isa = PBXNativeTarget;
			buildConfigurationList = 95FBC4A226DDB10800A0397C /* Build configuration list for PBXNativeTarget "MemorialsWidgetExtension" */;
			buildPhases = (
				95FBC48D26DDB10700A0397C /* Sources */,
				95FBC48E26DDB10700A0397C /* Frameworks */,
				95FBC48F26DDB10700A0397C /* Resources */,
			);
			buildRules = (
			);
			dependencies = (
			);
			name = MemorialsWidgetExtension;
			productName = MemorialsWidgetExtension;
			productReference = 95FBC49126DDB10700A0397C /* MemorialsWidgetExtension.appex */;
			productType = "com.apple.product-type.app-extension";
		};
/* End PBXNativeTarget section */

/* Begin PBXProject section */
		952F807B26CDF984009AFCB8 /* Project object */ = {
			isa = PBXProject;
			attributes = {
				LastSwiftUpdateCheck = 1250;
				LastUpgradeCheck = 1250;
				TargetAttributes = {
					952F808226CDF984009AFCB8 = {
						CreatedOnToolsVersion = 12.5.1;
					};
					95FBC49026DDB10700A0397C = {
						CreatedOnToolsVersion = 12.5.1;
					};
				};
			};
			buildConfigurationList = 952F807E26CDF984009AFCB8 /* Build configuration list for PBXProject "Memorials" */;
			compatibilityVersion = "Xcode 9.3";
			developmentRegion = en;
			hasScannedForEncodings = 0;
			knownRegions = (
				en,
				Base,
			);
			mainGroup = 952F807A26CDF984009AFCB8;
			productRefGroup = 952F808426CDF984009AFCB8 /* Products */;
			projectDirPath = "";
			projectRoot = "";
			targets = (
				952F808226CDF984009AFCB8 /* Memorials */,
				95FBC49026DDB10700A0397C /* MemorialsWidgetExtension */,
			);
		};
/* End PBXProject section */

/* Begin PBXResourcesBuildPhase section */
		952F808126CDF984009AFCB8 /* Resources */ = {
			isa = PBXResourcesBuildPhase;
			buildActionMask = 2147483647;
			files = (
				952F809326CDF985009AFCB8 /* LaunchScreen.storyboard in Resources */,
				952F809026CDF985009AFCB8 /* Assets.xcassets in Resources */,
				952F808E26CDF984009AFCB8 /* Main.storyboard in Resources */,
			);
			runOnlyForDeploymentPostprocessing = 0;
		};
		95FBC48F26DDB10700A0397C /* Resources */ = {
			isa = PBXResourcesBuildPhase;
			buildActionMask = 2147483647;
			files = (
				95FBC49A26DDB10800A0397C /* Assets.xcassets in Resources */,
			);
			runOnlyForDeploymentPostprocessing = 0;
		};
/* End PBXResourcesBuildPhase section */

/* Begin PBXShellScriptBuildPhase section */
		65C5A9FEB1411FBC366ACA21 /* [CP] Check Pods Manifest.lock */ = {
			isa = PBXShellScriptBuildPhase;
			buildActionMask = 2147483647;
			files = (
			);
			inputFileListPaths = (
			);
			inputPaths = (
				"${PODS_PODFILE_DIR_PATH}/Podfile.lock",
				"${PODS_ROOT}/Manifest.lock",
			);
			name = "[CP] Check Pods Manifest.lock";
			outputFileListPaths = (
			);
			outputPaths = (
				"$(DERIVED_FILE_DIR)/Pods-Memorials-checkManifestLockResult.txt",
			);
			runOnlyForDeploymentPostprocessing = 0;
			shellPath = /bin/sh;
			shellScript = "diff \"${PODS_PODFILE_DIR_PATH}/Podfile.lock\" \"${PODS_ROOT}/Manifest.lock\" > /dev/null\nif [ $? != 0 ] ; then\n    # print error to STDERR\n    echo \"error: The sandbox is not in sync with the Podfile.lock. Run 'pod install' or update your CocoaPods installation.\" >&2\n    exit 1\nfi\n# This output is used by Xcode 'outputs' to avoid re-running this script phase.\necho \"SUCCESS\" > \"${SCRIPT_OUTPUT_FILE_0}\"\n";
			showEnvVarsInLog = 0;
		};
		EEAE3E69E7F83D62BB1B8ED5 /* [CP] Embed Pods Frameworks */ = {
			isa = PBXShellScriptBuildPhase;
			buildActionMask = 2147483647;
			files = (
			);
			inputFileListPaths = (
				"${PODS_ROOT}/Target Support Files/Pods-Memorials/Pods-Memorials-frameworks-${CONFIGURATION}-input-files.xcfilelist",
			);
			name = "[CP] Embed Pods Frameworks";
			outputFileListPaths = (
				"${PODS_ROOT}/Target Support Files/Pods-Memorials/Pods-Memorials-frameworks-${CONFIGURATION}-output-files.xcfilelist",
			);
			runOnlyForDeploymentPostprocessing = 0;
			shellPath = /bin/sh;
			shellScript = "\"${PODS_ROOT}/Target Support Files/Pods-Memorials/Pods-Memorials-frameworks.sh\"\n";
			showEnvVarsInLog = 0;
		};
/* End PBXShellScriptBuildPhase section */

/* Begin PBXSourcesBuildPhase section */
		952F807F26CDF984009AFCB8 /* Sources */ = {
			isa = PBXSourcesBuildPhase;
			buildActionMask = 2147483647;
			files = (
				952F808B26CDF984009AFCB8 /* MainViewController.swift in Sources */,
				95FBC4AE26DDBF0A00A0397C /* CoreDataStack.swift in Sources */,
				95EEC70626D75D7000D2A40F /* TimelineTableViewController.swift in Sources */,
				95FF7CF026D7298B00E7AA03 /* TodoCell.swift in Sources */,
				95FBC47126D880AA00A0397C /* Todo+CoreDataClass.swift in Sources */,
				952F808726CDF984009AFCB8 /* AppDelegate.swift in Sources */,
				952F809B26CE309A009AFCB8 /* TodoViewController.swift in Sources */,
				952F808926CDF984009AFCB8 /* SceneDelegate.swift in Sources */,
				95236F2026D719B500F873DD /* TodoViewModel.swift in Sources */,
				9529989B26D77F250073F3AA /* Todo.xcdatamodeld in Sources */,
				952998A626D781AA0073F3AA /* CoreDataManager.swift in Sources */,
				95FBC47026D880AA00A0397C /* Todo+CoreDataProperties.swift in Sources */,
				95FBC4B926DDECC300A0397C /* TodoEntity.swift in Sources */,
			);
			runOnlyForDeploymentPostprocessing = 0;
		};
		95FBC48D26DDB10700A0397C /* Sources */ = {
			isa = PBXSourcesBuildPhase;
			buildActionMask = 2147483647;
			files = (
				95FBC4BA26DDECC300A0397C /* TodoEntity.swift in Sources */,
				95FBC49826DDB10700A0397C /* MemorialsWidget.swift in Sources */,
				95FBC4B526DDCD3D00A0397C /* Todo.xcdatamodeld in Sources */,
				95FBC4B326DDCD1600A0397C /* Todo+CoreDataClass.swift in Sources */,
				95FBC4B226DDC2E900A0397C /* CoreDataStack.swift in Sources */,
				95FBC4B426DDCD2100A0397C /* Todo+CoreDataProperties.swift in Sources */,
			);
			runOnlyForDeploymentPostprocessing = 0;
		};
/* End PBXSourcesBuildPhase section */

/* Begin PBXTargetDependency section */
		95FBC49D26DDB10800A0397C /* PBXTargetDependency */ = {
			isa = PBXTargetDependency;
			target = 95FBC49026DDB10700A0397C /* MemorialsWidgetExtension */;
			targetProxy = 95FBC49C26DDB10800A0397C /* PBXContainerItemProxy */;
		};
/* End PBXTargetDependency section */

/* Begin PBXVariantGroup section */
		952F808C26CDF984009AFCB8 /* Main.storyboard */ = {
			isa = PBXVariantGroup;
			children = (
				952F808D26CDF984009AFCB8 /* Base */,
			);
			name = Main.storyboard;
			sourceTree = "<group>";
		};
		952F809126CDF985009AFCB8 /* LaunchScreen.storyboard */ = {
			isa = PBXVariantGroup;
			children = (
				952F809226CDF985009AFCB8 /* Base */,
			);
			name = LaunchScreen.storyboard;
			sourceTree = "<group>";
		};
/* End PBXVariantGroup section */

/* Begin XCBuildConfiguration section */
		952F809526CDF985009AFCB8 /* Debug */ = {
			isa = XCBuildConfiguration;
			buildSettings = {
				ALWAYS_SEARCH_USER_PATHS = NO;
				CLANG_ANALYZER_NONNULL = YES;
				CLANG_ANALYZER_NUMBER_OBJECT_CONVERSION = YES_AGGRESSIVE;
				CLANG_CXX_LANGUAGE_STANDARD = "gnu++14";
				CLANG_CXX_LIBRARY = "libc++";
				CLANG_ENABLE_MODULES = YES;
				CLANG_ENABLE_OBJC_ARC = YES;
				CLANG_ENABLE_OBJC_WEAK = YES;
				CLANG_WARN_BLOCK_CAPTURE_AUTORELEASING = YES;
				CLANG_WARN_BOOL_CONVERSION = YES;
				CLANG_WARN_COMMA = YES;
				CLANG_WARN_CONSTANT_CONVERSION = YES;
				CLANG_WARN_DEPRECATED_OBJC_IMPLEMENTATIONS = YES;
				CLANG_WARN_DIRECT_OBJC_ISA_USAGE = YES_ERROR;
				CLANG_WARN_DOCUMENTATION_COMMENTS = YES;
				CLANG_WARN_EMPTY_BODY = YES;
				CLANG_WARN_ENUM_CONVERSION = YES;
				CLANG_WARN_INFINITE_RECURSION = YES;
				CLANG_WARN_INT_CONVERSION = YES;
				CLANG_WARN_NON_LITERAL_NULL_CONVERSION = YES;
				CLANG_WARN_OBJC_IMPLICIT_RETAIN_SELF = YES;
				CLANG_WARN_OBJC_LITERAL_CONVERSION = YES;
				CLANG_WARN_OBJC_ROOT_CLASS = YES_ERROR;
				CLANG_WARN_QUOTED_INCLUDE_IN_FRAMEWORK_HEADER = YES;
				CLANG_WARN_RANGE_LOOP_ANALYSIS = YES;
				CLANG_WARN_STRICT_PROTOTYPES = YES;
				CLANG_WARN_SUSPICIOUS_MOVE = YES;
				CLANG_WARN_UNGUARDED_AVAILABILITY = YES_AGGRESSIVE;
				CLANG_WARN_UNREACHABLE_CODE = YES;
				CLANG_WARN__DUPLICATE_METHOD_MATCH = YES;
				COPY_PHASE_STRIP = NO;
				DEBUG_INFORMATION_FORMAT = dwarf;
				ENABLE_STRICT_OBJC_MSGSEND = YES;
				ENABLE_TESTABILITY = YES;
				GCC_C_LANGUAGE_STANDARD = gnu11;
				GCC_DYNAMIC_NO_PIC = NO;
				GCC_NO_COMMON_BLOCKS = YES;
				GCC_OPTIMIZATION_LEVEL = 0;
				GCC_PREPROCESSOR_DEFINITIONS = (
					"DEBUG=1",
					"$(inherited)",
				);
				GCC_WARN_64_TO_32_BIT_CONVERSION = YES;
				GCC_WARN_ABOUT_RETURN_TYPE = YES_ERROR;
				GCC_WARN_UNDECLARED_SELECTOR = YES;
				GCC_WARN_UNINITIALIZED_AUTOS = YES_AGGRESSIVE;
				GCC_WARN_UNUSED_FUNCTION = YES;
				GCC_WARN_UNUSED_VARIABLE = YES;
				IPHONEOS_DEPLOYMENT_TARGET = 14.1;
				MTL_ENABLE_DEBUG_INFO = INCLUDE_SOURCE;
				MTL_FAST_MATH = YES;
				ONLY_ACTIVE_ARCH = YES;
				OTHER_LDFLAGS = (
					"$(OTHER_LDFAGS)",
					"-ObjC",
				);
				SDKROOT = iphoneos;
				SWIFT_ACTIVE_COMPILATION_CONDITIONS = DEBUG;
				SWIFT_OPTIMIZATION_LEVEL = "-Onone";
			};
			name = Debug;
		};
		952F809626CDF985009AFCB8 /* Release */ = {
			isa = XCBuildConfiguration;
			buildSettings = {
				ALWAYS_SEARCH_USER_PATHS = NO;
				CLANG_ANALYZER_NONNULL = YES;
				CLANG_ANALYZER_NUMBER_OBJECT_CONVERSION = YES_AGGRESSIVE;
				CLANG_CXX_LANGUAGE_STANDARD = "gnu++14";
				CLANG_CXX_LIBRARY = "libc++";
				CLANG_ENABLE_MODULES = YES;
				CLANG_ENABLE_OBJC_ARC = YES;
				CLANG_ENABLE_OBJC_WEAK = YES;
				CLANG_WARN_BLOCK_CAPTURE_AUTORELEASING = YES;
				CLANG_WARN_BOOL_CONVERSION = YES;
				CLANG_WARN_COMMA = YES;
				CLANG_WARN_CONSTANT_CONVERSION = YES;
				CLANG_WARN_DEPRECATED_OBJC_IMPLEMENTATIONS = YES;
				CLANG_WARN_DIRECT_OBJC_ISA_USAGE = YES_ERROR;
				CLANG_WARN_DOCUMENTATION_COMMENTS = YES;
				CLANG_WARN_EMPTY_BODY = YES;
				CLANG_WARN_ENUM_CONVERSION = YES;
				CLANG_WARN_INFINITE_RECURSION = YES;
				CLANG_WARN_INT_CONVERSION = YES;
				CLANG_WARN_NON_LITERAL_NULL_CONVERSION = YES;
				CLANG_WARN_OBJC_IMPLICIT_RETAIN_SELF = YES;
				CLANG_WARN_OBJC_LITERAL_CONVERSION = YES;
				CLANG_WARN_OBJC_ROOT_CLASS = YES_ERROR;
				CLANG_WARN_QUOTED_INCLUDE_IN_FRAMEWORK_HEADER = YES;
				CLANG_WARN_RANGE_LOOP_ANALYSIS = YES;
				CLANG_WARN_STRICT_PROTOTYPES = YES;
				CLANG_WARN_SUSPICIOUS_MOVE = YES;
				CLANG_WARN_UNGUARDED_AVAILABILITY = YES_AGGRESSIVE;
				CLANG_WARN_UNREACHABLE_CODE = YES;
				CLANG_WARN__DUPLICATE_METHOD_MATCH = YES;
				COPY_PHASE_STRIP = NO;
				DEBUG_INFORMATION_FORMAT = "dwarf-with-dsym";
				ENABLE_NS_ASSERTIONS = NO;
				ENABLE_STRICT_OBJC_MSGSEND = YES;
				GCC_C_LANGUAGE_STANDARD = gnu11;
				GCC_NO_COMMON_BLOCKS = YES;
				GCC_WARN_64_TO_32_BIT_CONVERSION = YES;
				GCC_WARN_ABOUT_RETURN_TYPE = YES_ERROR;
				GCC_WARN_UNDECLARED_SELECTOR = YES;
				GCC_WARN_UNINITIALIZED_AUTOS = YES_AGGRESSIVE;
				GCC_WARN_UNUSED_FUNCTION = YES;
				GCC_WARN_UNUSED_VARIABLE = YES;
				IPHONEOS_DEPLOYMENT_TARGET = 14.1;
				MTL_ENABLE_DEBUG_INFO = NO;
				MTL_FAST_MATH = YES;
				OTHER_LDFLAGS = (
					"$(OTHER_LDFAGS)",
					"-ObjC",
				);
				SDKROOT = iphoneos;
				SWIFT_COMPILATION_MODE = wholemodule;
				SWIFT_OPTIMIZATION_LEVEL = "-O";
				VALIDATE_PRODUCT = YES;
			};
			name = Release;
		};
		952F809826CDF985009AFCB8 /* Debug */ = {
			isa = XCBuildConfiguration;
			baseConfigurationReference = 11268EAB5610C255DC02C127 /* Pods-Memorials.debug.xcconfig */;
			buildSettings = {
				ALWAYS_EMBED_SWIFT_STANDARD_LIBRARIES = YES;
				ASSETCATALOG_COMPILER_APPICON_NAME = AppIcon;
				ASSETCATALOG_COMPILER_GLOBAL_ACCENT_COLOR_NAME = AccentColor;
				CODE_SIGN_ENTITLEMENTS = Memorials/Memorials.entitlements;
				CODE_SIGN_STYLE = Automatic;
				DEVELOPMENT_TEAM = 399236YMWF;
				INFOPLIST_FILE = Memorials/Info.plist;
				IPHONEOS_DEPLOYMENT_TARGET = 14.1;
				LD_RUNPATH_SEARCH_PATHS = (
					"$(inherited)",
					"@executable_path/Frameworks",
				);
				PRODUCT_BUNDLE_IDENTIFIER = kr.ntoday.memorials.todo;
				PRODUCT_NAME = "$(TARGET_NAME)";
				SWIFT_VERSION = 5.0;
				TARGETED_DEVICE_FAMILY = "1,2";
			};
			name = Debug;
		};
		952F809926CDF985009AFCB8 /* Release */ = {
			isa = XCBuildConfiguration;
			baseConfigurationReference = D5A1C4FCFBCD8D4F9566E97C /* Pods-Memorials.release.xcconfig */;
			buildSettings = {
				ALWAYS_EMBED_SWIFT_STANDARD_LIBRARIES = YES;
				ASSETCATALOG_COMPILER_APPICON_NAME = AppIcon;
				ASSETCATALOG_COMPILER_GLOBAL_ACCENT_COLOR_NAME = AccentColor;
				CODE_SIGN_ENTITLEMENTS = Memorials/Memorials.entitlements;
				CODE_SIGN_STYLE = Automatic;
				DEVELOPMENT_TEAM = 399236YMWF;
				INFOPLIST_FILE = Memorials/Info.plist;
				IPHONEOS_DEPLOYMENT_TARGET = 14.1;
				LD_RUNPATH_SEARCH_PATHS = (
					"$(inherited)",
					"@executable_path/Frameworks",
				);
				PRODUCT_BUNDLE_IDENTIFIER = kr.ntoday.memorials.todo;
				PRODUCT_NAME = "$(TARGET_NAME)";
				SWIFT_VERSION = 5.0;
				TARGETED_DEVICE_FAMILY = "1,2";
			};
			name = Release;
		};
		95FBC4A026DDB10800A0397C /* Debug */ = {
			isa = XCBuildConfiguration;
			buildSettings = {
				APPLICATION_EXTENSION_API_ONLY = YES;
				ASSETCATALOG_COMPILER_GLOBAL_ACCENT_COLOR_NAME = AccentColor;
				ASSETCATALOG_COMPILER_WIDGET_BACKGROUND_COLOR_NAME = WidgetBackground;
				CODE_SIGN_ENTITLEMENTS = MemorialsWidget/MemorialsWidgetExtension.entitlements;
				CODE_SIGN_STYLE = Automatic;
				DEVELOPMENT_TEAM = 399236YMWF;
				INFOPLIST_FILE = MemorialsWidget/Info.plist;
				IPHONEOS_DEPLOYMENT_TARGET = 14.1;
				LD_RUNPATH_SEARCH_PATHS = (
					"$(inherited)",
					"@executable_path/Frameworks",
					"@executable_path/../../Frameworks",
				);
				PRODUCT_BUNDLE_IDENTIFIER = kr.ntoday.memorials.todo.MemorialsWidget;
				PRODUCT_NAME = "$(TARGET_NAME)";
				SKIP_INSTALL = YES;
				SWIFT_VERSION = 5.0;
				TARGETED_DEVICE_FAMILY = "1,2";
			};
			name = Debug;
		};
		95FBC4A126DDB10800A0397C /* Release */ = {
			isa = XCBuildConfiguration;
			buildSettings = {
				APPLICATION_EXTENSION_API_ONLY = YES;
				ASSETCATALOG_COMPILER_GLOBAL_ACCENT_COLOR_NAME = AccentColor;
				ASSETCATALOG_COMPILER_WIDGET_BACKGROUND_COLOR_NAME = WidgetBackground;
				CODE_SIGN_ENTITLEMENTS = MemorialsWidget/MemorialsWidgetExtension.entitlements;
				CODE_SIGN_STYLE = Automatic;
				DEVELOPMENT_TEAM = 399236YMWF;
				INFOPLIST_FILE = MemorialsWidget/Info.plist;
				IPHONEOS_DEPLOYMENT_TARGET = 14.1;
				LD_RUNPATH_SEARCH_PATHS = (
					"$(inherited)",
					"@executable_path/Frameworks",
					"@executable_path/../../Frameworks",
				);
				PRODUCT_BUNDLE_IDENTIFIER = kr.ntoday.memorials.todo.MemorialsWidget;
				PRODUCT_NAME = "$(TARGET_NAME)";
				SKIP_INSTALL = YES;
				SWIFT_VERSION = 5.0;
				TARGETED_DEVICE_FAMILY = "1,2";
			};
			name = Release;
		};
/* End XCBuildConfiguration section */

/* Begin XCConfigurationList section */
		952F807E26CDF984009AFCB8 /* Build configuration list for PBXProject "Memorials" */ = {
			isa = XCConfigurationList;
			buildConfigurations = (
				952F809526CDF985009AFCB8 /* Debug */,
				952F809626CDF985009AFCB8 /* Release */,
			);
			defaultConfigurationIsVisible = 0;
			defaultConfigurationName = Release;
		};
		952F809726CDF985009AFCB8 /* Build configuration list for PBXNativeTarget "Memorials" */ = {
			isa = XCConfigurationList;
			buildConfigurations = (
				952F809826CDF985009AFCB8 /* Debug */,
				952F809926CDF985009AFCB8 /* Release */,
			);
			defaultConfigurationIsVisible = 0;
			defaultConfigurationName = Release;
		};
		95FBC4A226DDB10800A0397C /* Build configuration list for PBXNativeTarget "MemorialsWidgetExtension" */ = {
			isa = XCConfigurationList;
			buildConfigurations = (
				95FBC4A026DDB10800A0397C /* Debug */,
				95FBC4A126DDB10800A0397C /* Release */,
			);
			defaultConfigurationIsVisible = 0;
			defaultConfigurationName = Release;
		};
/* End XCConfigurationList section */

/* Begin XCVersionGroup section */
		9529989926D77F250073F3AA /* Todo.xcdatamodeld */ = {
			isa = XCVersionGroup;
			children = (
				9529989A26D77F250073F3AA /* Todo.xcdatamodel */,
			);
			currentVersion = 9529989A26D77F250073F3AA /* Todo.xcdatamodel */;
			path = Todo.xcdatamodeld;
			sourceTree = "<group>";
			versionGroupType = wrapper.xcdatamodel;
		};
/* End XCVersionGroup section */
	};
	rootObject = 952F807B26CDF984009AFCB8 /* Project object */;
}
