// !$*UTF8*$!
{
	archiveVersion = 1;
	classes = {
	};
	objectVersion = 51;
	objects = {

/* Begin PBXBuildFile section */
		06F53B23493C332B03D337EC /* Pods_memorials.framework in Frameworks */ = {isa = PBXBuildFile; fileRef = EC9741DF47F4CC896FCD4B26 /* Pods_memorials.framework */; };
		95236F2026D719B500F873DD /* Todo.swift in Sources */ = {isa = PBXBuildFile; fileRef = 95236F1F26D719B500F873DD /* Todo.swift */; };
		952F808726CDF984009AFCB8 /* AppDelegate.swift in Sources */ = {isa = PBXBuildFile; fileRef = 952F808626CDF984009AFCB8 /* AppDelegate.swift */; };
		952F808926CDF984009AFCB8 /* SceneDelegate.swift in Sources */ = {isa = PBXBuildFile; fileRef = 952F808826CDF984009AFCB8 /* SceneDelegate.swift */; };
		952F808B26CDF984009AFCB8 /* MainViewController.swift in Sources */ = {isa = PBXBuildFile; fileRef = 952F808A26CDF984009AFCB8 /* MainViewController.swift */; };
		952F808E26CDF984009AFCB8 /* Main.storyboard in Resources */ = {isa = PBXBuildFile; fileRef = 952F808C26CDF984009AFCB8 /* Main.storyboard */; };
		952F809026CDF985009AFCB8 /* Assets.xcassets in Resources */ = {isa = PBXBuildFile; fileRef = 952F808F26CDF985009AFCB8 /* Assets.xcassets */; };
		952F809326CDF985009AFCB8 /* LaunchScreen.storyboard in Resources */ = {isa = PBXBuildFile; fileRef = 952F809126CDF985009AFCB8 /* LaunchScreen.storyboard */; };
		952F809B26CE309A009AFCB8 /* TodoViewController.swift in Sources */ = {isa = PBXBuildFile; fileRef = 952F809A26CE309A009AFCB8 /* TodoViewController.swift */; };
		95EEC70626D75D7000D2A40F /* TimelineTableViewController.swift in Sources */ = {isa = PBXBuildFile; fileRef = 95EEC70526D75D7000D2A40F /* TimelineTableViewController.swift */; };
		95FF7CF026D7298B00E7AA03 /* TodoCell.swift in Sources */ = {isa = PBXBuildFile; fileRef = 95FF7CEF26D7298B00E7AA03 /* TodoCell.swift */; };
/* End PBXBuildFile section */

/* Begin PBXFileReference section */
		3422C28ABF6EDA3E65AAE4A2 /* Pods-memorials.debug.xcconfig */ = {isa = PBXFileReference; includeInIndex = 1; lastKnownFileType = text.xcconfig; name = "Pods-memorials.debug.xcconfig"; path = "Target Support Files/Pods-memorials/Pods-memorials.debug.xcconfig"; sourceTree = "<group>"; };
		52971059CF8FC947BED225E0 /* Pods-memorials.release.xcconfig */ = {isa = PBXFileReference; includeInIndex = 1; lastKnownFileType = text.xcconfig; name = "Pods-memorials.release.xcconfig"; path = "Target Support Files/Pods-memorials/Pods-memorials.release.xcconfig"; sourceTree = "<group>"; };
		95236F1F26D719B500F873DD /* Todo.swift */ = {isa = PBXFileReference; lastKnownFileType = sourcecode.swift; path = Todo.swift; sourceTree = "<group>"; };
		952F808326CDF984009AFCB8 /* memorials.app */ = {isa = PBXFileReference; explicitFileType = wrapper.application; includeInIndex = 0; path = memorials.app; sourceTree = BUILT_PRODUCTS_DIR; };
		952F808626CDF984009AFCB8 /* AppDelegate.swift */ = {isa = PBXFileReference; lastKnownFileType = sourcecode.swift; path = AppDelegate.swift; sourceTree = "<group>"; };
		952F808826CDF984009AFCB8 /* SceneDelegate.swift */ = {isa = PBXFileReference; lastKnownFileType = sourcecode.swift; path = SceneDelegate.swift; sourceTree = "<group>"; };
		952F808A26CDF984009AFCB8 /* MainViewController.swift */ = {isa = PBXFileReference; lastKnownFileType = sourcecode.swift; path = MainViewController.swift; sourceTree = "<group>"; };
		952F808D26CDF984009AFCB8 /* Base */ = {isa = PBXFileReference; lastKnownFileType = file.storyboard; name = Base; path = Base.lproj/Main.storyboard; sourceTree = "<group>"; };
		952F808F26CDF985009AFCB8 /* Assets.xcassets */ = {isa = PBXFileReference; lastKnownFileType = folder.assetcatalog; path = Assets.xcassets; sourceTree = "<group>"; };
		952F809226CDF985009AFCB8 /* Base */ = {isa = PBXFileReference; lastKnownFileType = file.storyboard; name = Base; path = Base.lproj/LaunchScreen.storyboard; sourceTree = "<group>"; };
		952F809426CDF985009AFCB8 /* Info.plist */ = {isa = PBXFileReference; lastKnownFileType = text.plist.xml; path = Info.plist; sourceTree = "<group>"; };
		952F809A26CE309A009AFCB8 /* TodoViewController.swift */ = {isa = PBXFileReference; lastKnownFileType = sourcecode.swift; path = TodoViewController.swift; sourceTree = "<group>"; };
		95EEC70526D75D7000D2A40F /* TimelineTableViewController.swift */ = {isa = PBXFileReference; lastKnownFileType = sourcecode.swift; path = TimelineTableViewController.swift; sourceTree = "<group>"; };
		95FF7CEF26D7298B00E7AA03 /* TodoCell.swift */ = {isa = PBXFileReference; lastKnownFileType = sourcecode.swift; path = TodoCell.swift; sourceTree = "<group>"; };
		EC9741DF47F4CC896FCD4B26 /* Pods_memorials.framework */ = {isa = PBXFileReference; explicitFileType = wrapper.framework; includeInIndex = 0; path = Pods_memorials.framework; sourceTree = BUILT_PRODUCTS_DIR; };
/* End PBXFileReference section */

/* Begin PBXFrameworksBuildPhase section */
		952F808026CDF984009AFCB8 /* Frameworks */ = {
			isa = PBXFrameworksBuildPhase;
			buildActionMask = 2147483647;
			files = (
				06F53B23493C332B03D337EC /* Pods_memorials.framework in Frameworks */,
			);
			runOnlyForDeploymentPostprocessing = 0;
		};
/* End PBXFrameworksBuildPhase section */

/* Begin PBXGroup section */
		7669C1E9ED49202A5A6D07B4 /* Frameworks */ = {
			isa = PBXGroup;
			children = (
				EC9741DF47F4CC896FCD4B26 /* Pods_memorials.framework */,
			);
			name = Frameworks;
			sourceTree = "<group>";
		};
		95236F1E26D719A900F873DD /* Models */ = {
			isa = PBXGroup;
			children = (
				95236F1F26D719B500F873DD /* Todo.swift */,
			);
			path = Models;
			sourceTree = "<group>";
		};
		952F807A26CDF984009AFCB8 = {
			isa = PBXGroup;
			children = (
				952F808526CDF984009AFCB8 /* memorials */,
				952F808426CDF984009AFCB8 /* Products */,
				DB586C207427063CBD36FBFC /* Pods */,
				7669C1E9ED49202A5A6D07B4 /* Frameworks */,
			);
			sourceTree = "<group>";
		};
		952F808426CDF984009AFCB8 /* Products */ = {
			isa = PBXGroup;
			children = (
				952F808326CDF984009AFCB8 /* memorials.app */,
			);
			name = Products;
			sourceTree = "<group>";
		};
		952F808526CDF984009AFCB8 /* memorials */ = {
			isa = PBXGroup;
			children = (
				95EEC70426D75D4300D2A40F /* Controller */,
				95236F1E26D719A900F873DD /* Models */,
				952F808626CDF984009AFCB8 /* AppDelegate.swift */,
				952F808826CDF984009AFCB8 /* SceneDelegate.swift */,
				952F808C26CDF984009AFCB8 /* Main.storyboard */,
				952F808F26CDF985009AFCB8 /* Assets.xcassets */,
				952F809126CDF985009AFCB8 /* LaunchScreen.storyboard */,
				952F809426CDF985009AFCB8 /* Info.plist */,
				95FF7CEF26D7298B00E7AA03 /* TodoCell.swift */,
			);
			path = memorials;
			sourceTree = "<group>";
		};
		95EEC70426D75D4300D2A40F /* Controller */ = {
			isa = PBXGroup;
			children = (
				952F808A26CDF984009AFCB8 /* MainViewController.swift */,
				952F809A26CE309A009AFCB8 /* TodoViewController.swift */,
				95EEC70526D75D7000D2A40F /* TimelineTableViewController.swift */,
			);
			path = Controller;
			sourceTree = "<group>";
		};
		DB586C207427063CBD36FBFC /* Pods */ = {
			isa = PBXGroup;
			children = (
				3422C28ABF6EDA3E65AAE4A2 /* Pods-memorials.debug.xcconfig */,
				52971059CF8FC947BED225E0 /* Pods-memorials.release.xcconfig */,
			);
			path = Pods;
			sourceTree = "<group>";
		};
/* End PBXGroup section */

/* Begin PBXNativeTarget section */
		952F808226CDF984009AFCB8 /* memorials */ = {
			isa = PBXNativeTarget;
			buildConfigurationList = 952F809726CDF985009AFCB8 /* Build configuration list for PBXNativeTarget "memorials" */;
			buildPhases = (
				F3E1AF2CE1F91F4739C0B0B1 /* [CP] Check Pods Manifest.lock */,
				952F807F26CDF984009AFCB8 /* Sources */,
				952F808026CDF984009AFCB8 /* Frameworks */,
				952F808126CDF984009AFCB8 /* Resources */,
				2AC8E937C850BA5E14094879 /* [CP] Embed Pods Frameworks */,
			);
			buildRules = (
			);
			dependencies = (
			);
			name = memorials;
			productName = memorials;
			productReference = 952F808326CDF984009AFCB8 /* memorials.app */;
			productType = "com.apple.product-type.application";
		};
/* End PBXNativeTarget section */

/* Begin PBXProject section */
		952F807B26CDF984009AFCB8 /* Project object */ = {
			isa = PBXProject;
			attributes = {
				LastSwiftUpdateCheck = 1250;
				LastUpgradeCheck = 1250;
				TargetAttributes = {
					952F808226CDF984009AFCB8 = {
						CreatedOnToolsVersion = 12.5.1;
					};
				};
			};
			buildConfigurationList = 952F807E26CDF984009AFCB8 /* Build configuration list for PBXProject "memorials" */;
			compatibilityVersion = "Xcode 9.3";
			developmentRegion = en;
			hasScannedForEncodings = 0;
			knownRegions = (
				en,
				Base,
			);
			mainGroup = 952F807A26CDF984009AFCB8;
			productRefGroup = 952F808426CDF984009AFCB8 /* Products */;
			projectDirPath = "";
			projectRoot = "";
			targets = (
				952F808226CDF984009AFCB8 /* memorials */,
			);
		};
/* End PBXProject section */

/* Begin PBXResourcesBuildPhase section */
		952F808126CDF984009AFCB8 /* Resources */ = {
			isa = PBXResourcesBuildPhase;
			buildActionMask = 2147483647;
			files = (
				952F809326CDF985009AFCB8 /* LaunchScreen.storyboard in Resources */,
				952F809026CDF985009AFCB8 /* Assets.xcassets in Resources */,
				952F808E26CDF984009AFCB8 /* Main.storyboard in Resources */,
			);
			runOnlyForDeploymentPostprocessing = 0;
		};
/* End PBXResourcesBuildPhase section */

/* Begin PBXShellScriptBuildPhase section */
		2AC8E937C850BA5E14094879 /* [CP] Embed Pods Frameworks */ = {
			isa = PBXShellScriptBuildPhase;
			buildActionMask = 2147483647;
			files = (
			);
			inputFileListPaths = (
				"${PODS_ROOT}/Target Support Files/Pods-memorials/Pods-memorials-frameworks-${CONFIGURATION}-input-files.xcfilelist",
			);
			name = "[CP] Embed Pods Frameworks";
			outputFileListPaths = (
				"${PODS_ROOT}/Target Support Files/Pods-memorials/Pods-memorials-frameworks-${CONFIGURATION}-output-files.xcfilelist",
			);
			runOnlyForDeploymentPostprocessing = 0;
			shellPath = /bin/sh;
			shellScript = "\"${PODS_ROOT}/Target Support Files/Pods-memorials/Pods-memorials-frameworks.sh\"\n";
			showEnvVarsInLog = 0;
		};
		F3E1AF2CE1F91F4739C0B0B1 /* [CP] Check Pods Manifest.lock */ = {
			isa = PBXShellScriptBuildPhase;
			buildActionMask = 2147483647;
			files = (
			);
			inputFileListPaths = (
			);
			inputPaths = (
				"${PODS_PODFILE_DIR_PATH}/Podfile.lock",
				"${PODS_ROOT}/Manifest.lock",
			);
			name = "[CP] Check Pods Manifest.lock";
			outputFileListPaths = (
			);
			outputPaths = (
				"$(DERIVED_FILE_DIR)/Pods-memorials-checkManifestLockResult.txt",
			);
			runOnlyForDeploymentPostprocessing = 0;
			shellPath = /bin/sh;
			shellScript = "diff \"${PODS_PODFILE_DIR_PATH}/Podfile.lock\" \"${PODS_ROOT}/Manifest.lock\" > /dev/null\nif [ $? != 0 ] ; then\n    # print error to STDERR\n    echo \"error: The sandbox is not in sync with the Podfile.lock. Run 'pod install' or update your CocoaPods installation.\" >&2\n    exit 1\nfi\n# This output is used by Xcode 'outputs' to avoid re-running this script phase.\necho \"SUCCESS\" > \"${SCRIPT_OUTPUT_FILE_0}\"\n";
			showEnvVarsInLog = 0;
		};
/* End PBXShellScriptBuildPhase section */

/* Begin PBXSourcesBuildPhase section */
		952F807F26CDF984009AFCB8 /* Sources */ = {
			isa = PBXSourcesBuildPhase;
			buildActionMask = 2147483647;
			files = (
				952F808B26CDF984009AFCB8 /* MainViewController.swift in Sources */,
				95EEC70626D75D7000D2A40F /* TimelineTableViewController.swift in Sources */,
				95FF7CF026D7298B00E7AA03 /* TodoCell.swift in Sources */,
				952F808726CDF984009AFCB8 /* AppDelegate.swift in Sources */,
				952F809B26CE309A009AFCB8 /* TodoViewController.swift in Sources */,
				952F808926CDF984009AFCB8 /* SceneDelegate.swift in Sources */,
				95236F2026D719B500F873DD /* Todo.swift in Sources */,
			);
			runOnlyForDeploymentPostprocessing = 0;
		};
/* End PBXSourcesBuildPhase section */

/* Begin PBXVariantGroup section */
		952F808C26CDF984009AFCB8 /* Main.storyboard */ = {
			isa = PBXVariantGroup;
			children = (
				952F808D26CDF984009AFCB8 /* Base */,
			);
			name = Main.storyboard;
			sourceTree = "<group>";
		};
		952F809126CDF985009AFCB8 /* LaunchScreen.storyboard */ = {
			isa = PBXVariantGroup;
			children = (
				952F809226CDF985009AFCB8 /* Base */,
			);
			name = LaunchScreen.storyboard;
			sourceTree = "<group>";
		};
/* End PBXVariantGroup section */

/* Begin XCBuildConfiguration section */
		952F809526CDF985009AFCB8 /* Debug */ = {
			isa = XCBuildConfiguration;
			buildSettings = {
				ALWAYS_SEARCH_USER_PATHS = NO;
				CLANG_ANALYZER_NONNULL = YES;
				CLANG_ANALYZER_NUMBER_OBJECT_CONVERSION = YES_AGGRESSIVE;
				CLANG_CXX_LANGUAGE_STANDARD = "gnu++14";
				CLANG_CXX_LIBRARY = "libc++";
				CLANG_ENABLE_MODULES = YES;
				CLANG_ENABLE_OBJC_ARC = YES;
				CLANG_ENABLE_OBJC_WEAK = YES;
				CLANG_WARN_BLOCK_CAPTURE_AUTORELEASING = YES;
				CLANG_WARN_BOOL_CONVERSION = YES;
				CLANG_WARN_COMMA = YES;
				CLANG_WARN_CONSTANT_CONVERSION = YES;
				CLANG_WARN_DEPRECATED_OBJC_IMPLEMENTATIONS = YES;
				CLANG_WARN_DIRECT_OBJC_ISA_USAGE = YES_ERROR;
				CLANG_WARN_DOCUMENTATION_COMMENTS = YES;
				CLANG_WARN_EMPTY_BODY = YES;
				CLANG_WARN_ENUM_CONVERSION = YES;
				CLANG_WARN_INFINITE_RECURSION = YES;
				CLANG_WARN_INT_CONVERSION = YES;
				CLANG_WARN_NON_LITERAL_NULL_CONVERSION = YES;
				CLANG_WARN_OBJC_IMPLICIT_RETAIN_SELF = YES;
				CLANG_WARN_OBJC_LITERAL_CONVERSION = YES;
				CLANG_WARN_OBJC_ROOT_CLASS = YES_ERROR;
				CLANG_WARN_QUOTED_INCLUDE_IN_FRAMEWORK_HEADER = YES;
				CLANG_WARN_RANGE_LOOP_ANALYSIS = YES;
				CLANG_WARN_STRICT_PROTOTYPES = YES;
				CLANG_WARN_SUSPICIOUS_MOVE = YES;
				CLANG_WARN_UNGUARDED_AVAILABILITY = YES_AGGRESSIVE;
				CLANG_WARN_UNREACHABLE_CODE = YES;
				CLANG_WARN__DUPLICATE_METHOD_MATCH = YES;
				COPY_PHASE_STRIP = NO;
				DEBUG_INFORMATION_FORMAT = dwarf;
				ENABLE_STRICT_OBJC_MSGSEND = YES;
				ENABLE_TESTABILITY = YES;
				GCC_C_LANGUAGE_STANDARD = gnu11;
				GCC_DYNAMIC_NO_PIC = NO;
				GCC_NO_COMMON_BLOCKS = YES;
				GCC_OPTIMIZATION_LEVEL = 0;
				GCC_PREPROCESSOR_DEFINITIONS = (
					"DEBUG=1",
					"$(inherited)",
				);
				GCC_WARN_64_TO_32_BIT_CONVERSION = YES;
				GCC_WARN_ABOUT_RETURN_TYPE = YES_ERROR;
				GCC_WARN_UNDECLARED_SELECTOR = YES;
				GCC_WARN_UNINITIALIZED_AUTOS = YES_AGGRESSIVE;
				GCC_WARN_UNUSED_FUNCTION = YES;
				GCC_WARN_UNUSED_VARIABLE = YES;
				IPHONEOS_DEPLOYMENT_TARGET = 14.5;
				MTL_ENABLE_DEBUG_INFO = INCLUDE_SOURCE;
				MTL_FAST_MATH = YES;
				ONLY_ACTIVE_ARCH = YES;
				SDKROOT = iphoneos;
				SWIFT_ACTIVE_COMPILATION_CONDITIONS = DEBUG;
				SWIFT_OPTIMIZATION_LEVEL = "-Onone";
			};
			name = Debug;
		};
		952F809626CDF985009AFCB8 /* Release */ = {
			isa = XCBuildConfiguration;
			buildSettings = {
				ALWAYS_SEARCH_USER_PATHS = NO;
				CLANG_ANALYZER_NONNULL = YES;
				CLANG_ANALYZER_NUMBER_OBJECT_CONVERSION = YES_AGGRESSIVE;
				CLANG_CXX_LANGUAGE_STANDARD = "gnu++14";
				CLANG_CXX_LIBRARY = "libc++";
				CLANG_ENABLE_MODULES = YES;
				CLANG_ENABLE_OBJC_ARC = YES;
				CLANG_ENABLE_OBJC_WEAK = YES;
				CLANG_WARN_BLOCK_CAPTURE_AUTORELEASING = YES;
				CLANG_WARN_BOOL_CONVERSION = YES;
				CLANG_WARN_COMMA = YES;
				CLANG_WARN_CONSTANT_CONVERSION = YES;
				CLANG_WARN_DEPRECATED_OBJC_IMPLEMENTATIONS = YES;
				CLANG_WARN_DIRECT_OBJC_ISA_USAGE = YES_ERROR;
				CLANG_WARN_DOCUMENTATION_COMMENTS = YES;
				CLANG_WARN_EMPTY_BODY = YES;
				CLANG_WARN_ENUM_CONVERSION = YES;
				CLANG_WARN_INFINITE_RECURSION = YES;
				CLANG_WARN_INT_CONVERSION = YES;
				CLANG_WARN_NON_LITERAL_NULL_CONVERSION = YES;
				CLANG_WARN_OBJC_IMPLICIT_RETAIN_SELF = YES;
				CLANG_WARN_OBJC_LITERAL_CONVERSION = YES;
				CLANG_WARN_OBJC_ROOT_CLASS = YES_ERROR;
				CLANG_WARN_QUOTED_INCLUDE_IN_FRAMEWORK_HEADER = YES;
				CLANG_WARN_RANGE_LOOP_ANALYSIS = YES;
				CLANG_WARN_STRICT_PROTOTYPES = YES;
				CLANG_WARN_SUSPICIOUS_MOVE = YES;
				CLANG_WARN_UNGUARDED_AVAILABILITY = YES_AGGRESSIVE;
				CLANG_WARN_UNREACHABLE_CODE = YES;
				CLANG_WARN__DUPLICATE_METHOD_MATCH = YES;
				COPY_PHASE_STRIP = NO;
				DEBUG_INFORMATION_FORMAT = "dwarf-with-dsym";
				ENABLE_NS_ASSERTIONS = NO;
				ENABLE_STRICT_OBJC_MSGSEND = YES;
				GCC_C_LANGUAGE_STANDARD = gnu11;
				GCC_NO_COMMON_BLOCKS = YES;
				GCC_WARN_64_TO_32_BIT_CONVERSION = YES;
				GCC_WARN_ABOUT_RETURN_TYPE = YES_ERROR;
				GCC_WARN_UNDECLARED_SELECTOR = YES;
				GCC_WARN_UNINITIALIZED_AUTOS = YES_AGGRESSIVE;
				GCC_WARN_UNUSED_FUNCTION = YES;
				GCC_WARN_UNUSED_VARIABLE = YES;
				IPHONEOS_DEPLOYMENT_TARGET = 14.5;
				MTL_ENABLE_DEBUG_INFO = NO;
				MTL_FAST_MATH = YES;
				SDKROOT = iphoneos;
				SWIFT_COMPILATION_MODE = wholemodule;
				SWIFT_OPTIMIZATION_LEVEL = "-O";
				VALIDATE_PRODUCT = YES;
			};
			name = Release;
		};
		952F809826CDF985009AFCB8 /* Debug */ = {
			isa = XCBuildConfiguration;
			baseConfigurationReference = 3422C28ABF6EDA3E65AAE4A2 /* Pods-memorials.debug.xcconfig */;
			buildSettings = {
				ASSETCATALOG_COMPILER_APPICON_NAME = AppIcon;
				ASSETCATALOG_COMPILER_GLOBAL_ACCENT_COLOR_NAME = AccentColor;
				CODE_SIGN_STYLE = Automatic;
				DEVELOPMENT_TEAM = 399236YMWF;
				INFOPLIST_FILE = memorials/Info.plist;
				LD_RUNPATH_SEARCH_PATHS = (
					"$(inherited)",
					"@executable_path/Frameworks",
				);
				PRODUCT_BUNDLE_IDENTIFIER = kr.ntoday.memorials;
				PRODUCT_NAME = "$(TARGET_NAME)";
				SWIFT_VERSION = 5.0;
				TARGETED_DEVICE_FAMILY = "1,2";
			};
			name = Debug;
		};
		952F809926CDF985009AFCB8 /* Release */ = {
			isa = XCBuildConfiguration;
			baseConfigurationReference = 52971059CF8FC947BED225E0 /* Pods-memorials.release.xcconfig */;
			buildSettings = {
				ASSETCATALOG_COMPILER_APPICON_NAME = AppIcon;
				ASSETCATALOG_COMPILER_GLOBAL_ACCENT_COLOR_NAME = AccentColor;
				CODE_SIGN_STYLE = Automatic;
				DEVELOPMENT_TEAM = 399236YMWF;
				INFOPLIST_FILE = memorials/Info.plist;
				LD_RUNPATH_SEARCH_PATHS = (
					"$(inherited)",
					"@executable_path/Frameworks",
				);
				PRODUCT_BUNDLE_IDENTIFIER = kr.ntoday.memorials;
				PRODUCT_NAME = "$(TARGET_NAME)";
				SWIFT_VERSION = 5.0;
				TARGETED_DEVICE_FAMILY = "1,2";
			};
			name = Release;
		};
/* End XCBuildConfiguration section */

/* Begin XCConfigurationList section */
		952F807E26CDF984009AFCB8 /* Build configuration list for PBXProject "memorials" */ = {
			isa = XCConfigurationList;
			buildConfigurations = (
				952F809526CDF985009AFCB8 /* Debug */,
				952F809626CDF985009AFCB8 /* Release */,
			);
			defaultConfigurationIsVisible = 0;
			defaultConfigurationName = Release;
		};
		952F809726CDF985009AFCB8 /* Build configuration list for PBXNativeTarget "memorials" */ = {
			isa = XCConfigurationList;
			buildConfigurations = (
				952F809826CDF985009AFCB8 /* Debug */,
				952F809926CDF985009AFCB8 /* Release */,
			);
			defaultConfigurationIsVisible = 0;
			defaultConfigurationName = Release;
		};
/* End XCConfigurationList section */
	};
	rootObject = 952F807B26CDF984009AFCB8 /* Project object */;
}
